
Microsoft Visual Studio Solution File, Format Version 12.00
# Visual Studio Version 16
VisualStudioVersion = 16.0.31402.337
MinimumVisualStudioVersion = 10.0.40219.1
Project("{FAE04EC0-301F-11D3-BF4B-00C04F79EFBC}") = "MyResumeAPI", "MyResumeAPI\MyResumeAPI.csproj", "{E7AC5ECD-5881-455B-AE0D-09D962672EEF}"
EndProject
Project("{FAE04EC0-301F-11D3-BF4B-00C04F79EFBC}") = "ResumeCore", "ResumeCore\ResumeCore.csproj", "{ED5CF8DE-9B54-43F6-A9C0-39E381553531}"
EndProject
Project("{FAE04EC0-301F-11D3-BF4B-00C04F79EFBC}") = "ResumeInfastructure", "ResumeInfastructure\ResumeInfastructure.csproj", "{2AF7858A-342B-4F42-A9AC-3433C9DD6548}"
EndProject
Project("{FAE04EC0-301F-11D3-BF4B-00C04F79EFBC}") = "PersonAPI", "PersonAPI\PersonAPI.csproj", "{F6C3D8AA-52D8-436B-BD5E-D6E2CF62F2EE}"
EndProject
Project("{FAE04EC0-301F-11D3-BF4B-00C04F79EFBC}") = "InstitutionAPI", "InstitutionAPI\InstitutionAPI.csproj", "{17A17A9F-B7D2-42D8-8A78-7172026A729C}"
EndProject
Global
	GlobalSection(SolutionConfigurationPlatforms) = preSolution
		Debug|Any CPU = Debug|Any CPU
		Release|Any CPU = Release|Any CPU
	EndGlobalSection
	GlobalSection(ProjectConfigurationPlatforms) = postSolution
		{E7AC5ECD-5881-455B-AE0D-09D962672EEF}.Debug|Any CPU.ActiveCfg = Debug|Any CPU
		{E7AC5ECD-5881-455B-AE0D-09D962672EEF}.Debug|Any CPU.Build.0 = Debug|Any CPU
		{E7AC5ECD-5881-455B-AE0D-09D962672EEF}.Release|Any CPU.ActiveCfg = Release|Any CPU
		{E7AC5ECD-5881-455B-AE0D-09D962672EEF}.Release|Any CPU.Build.0 = Release|Any CPU
		{ED5CF8DE-9B54-43F6-A9C0-39E381553531}.Debug|Any CPU.ActiveCfg = Debug|Any CPU
		{ED5CF8DE-9B54-43F6-A9C0-39E381553531}.Debug|Any CPU.Build.0 = Debug|Any CPU
		{ED5CF8DE-9B54-43F6-A9C0-39E381553531}.Release|Any CPU.ActiveCfg = Release|Any CPU
		{ED5CF8DE-9B54-43F6-A9C0-39E381553531}.Release|Any CPU.Build.0 = Release|Any CPU
		{2AF7858A-342B-4F42-A9AC-3433C9DD6548}.Debug|Any CPU.ActiveCfg = Debug|Any CPU
		{2AF7858A-342B-4F42-A9AC-3433C9DD6548}.Debug|Any CPU.Build.0 = Debug|Any CPU
		{2AF7858A-342B-4F42-A9AC-3433C9DD6548}.Release|Any CPU.ActiveCfg = Release|Any CPU
		{2AF7858A-342B-4F42-A9AC-3433C9DD6548}.Release|Any CPU.Build.0 = Release|Any CPU
		{F6C3D8AA-52D8-436B-BD5E-D6E2CF62F2EE}.Debug|Any CPU.ActiveCfg = Debug|Any CPU
		{F6C3D8AA-52D8-436B-BD5E-D6E2CF62F2EE}.Debug|Any CPU.Build.0 = Debug|Any CPU
		{F6C3D8AA-52D8-436B-BD5E-D6E2CF62F2EE}.Release|Any CPU.ActiveCfg = Release|Any CPU
		{F6C3D8AA-52D8-436B-BD5E-D6E2CF62F2EE}.Release|Any CPU.Build.0 = Release|Any CPU
		{17A17A9F-B7D2-42D8-8A78-7172026A729C}.Debug|Any CPU.ActiveCfg = Debug|Any CPU
		{17A17A9F-B7D2-42D8-8A78-7172026A729C}.Debug|Any CPU.Build.0 = Debug|Any CPU
		{17A17A9F-B7D2-42D8-8A78-7172026A729C}.Release|Any CPU.ActiveCfg = Release|Any CPU
		{17A17A9F-B7D2-42D8-8A78-7172026A729C}.Release|Any CPU.Build.0 = Release|Any CPU
	EndGlobalSection
	GlobalSection(SolutionProperties) = preSolution
		HideSolutionNode = FALSE
	EndGlobalSection
	GlobalSection(ExtensibilityGlobals) = postSolution
		SolutionGuid = {0173D51D-D8A8-400B-99F9-42BE985DA71B}
	EndGlobalSection
EndGlobal
